// !$*UTF8*$!
{
	archiveVersion = 1;
	classes = {
	};
	objectVersion = 50;
	objects = {

/* Begin PBXBuildFile section */
		9CDE986B25E6D3CA00A03E6F /* TrekrApp.swift in Sources */ = {isa = PBXBuildFile; fileRef = 9CDE986A25E6D3CA00A03E6F /* TrekrApp.swift */; };
		9CDE986D25E6D3CA00A03E6F /* ContentView.swift in Sources */ = {isa = PBXBuildFile; fileRef = 9CDE986C25E6D3CA00A03E6F /* ContentView.swift */; };
		9CDE986F25E6D3CB00A03E6F /* Assets.xcassets in Resources */ = {isa = PBXBuildFile; fileRef = 9CDE986E25E6D3CB00A03E6F /* Assets.xcassets */; };
		9CDE987225E6D3CB00A03E6F /* Preview Assets.xcassets in Resources */ = {isa = PBXBuildFile; fileRef = 9CDE987125E6D3CB00A03E6F /* Preview Assets.xcassets */; };
		9CDE987C25E71F4C00A03E6F /* locations.json in Resources */ = {isa = PBXBuildFile; fileRef = 9CDE987A25E71F4C00A03E6F /* locations.json */; };
		9CDE987D25E71F4C00A03E6F /* tips.json in Resources */ = {isa = PBXBuildFile; fileRef = 9CDE987B25E71F4C00A03E6F /* tips.json */; };
		9CDE988025EAD4AF00A03E6F /* Location.swift in Sources */ = {isa = PBXBuildFile; fileRef = 9CDE987F25EAD4AF00A03E6F /* Location.swift */; };
		9CDE988325EADBFF00A03E6F /* Locations.swift in Sources */ = {isa = PBXBuildFile; fileRef = 9CDE988225EADBFF00A03E6F /* Locations.swift */; };
		9CDE988625EC5C1500A03E6F /* WorldView.swift in Sources */ = {isa = PBXBuildFile; fileRef = 9CDE988525EC5C1500A03E6F /* WorldView.swift */; };
		9CDE988925F10A6D00A03E6F /* Tip.swift in Sources */ = {isa = PBXBuildFile; fileRef = 9CDE988825F10A6D00A03E6F /* Tip.swift */; };
		9CDE988C25F10B6300A03E6F /* TipsView.swift in Sources */ = {isa = PBXBuildFile; fileRef = 9CDE988B25F10B6300A03E6F /* TipsView.swift */; };
/* End PBXBuildFile section */

/* Begin PBXFileReference section */
		9CDE986725E6D3CA00A03E6F /* Trekr.app */ = {isa = PBXFileReference; explicitFileType = wrapper.application; includeInIndex = 0; path = Trekr.app; sourceTree = BUILT_PRODUCTS_DIR; };
		9CDE986A25E6D3CA00A03E6F /* TrekrApp.swift */ = {isa = PBXFileReference; lastKnownFileType = sourcecode.swift; path = TrekrApp.swift; sourceTree = "<group>"; };
		9CDE986C25E6D3CA00A03E6F /* ContentView.swift */ = {isa = PBXFileReference; lastKnownFileType = sourcecode.swift; path = ContentView.swift; sourceTree = "<group>"; };
		9CDE986E25E6D3CB00A03E6F /* Assets.xcassets */ = {isa = PBXFileReference; lastKnownFileType = folder.assetcatalog; path = Assets.xcassets; sourceTree = "<group>"; };
		9CDE987125E6D3CB00A03E6F /* Preview Assets.xcassets */ = {isa = PBXFileReference; lastKnownFileType = folder.assetcatalog; path = "Preview Assets.xcassets"; sourceTree = "<group>"; };
		9CDE987325E6D3CB00A03E6F /* Info.plist */ = {isa = PBXFileReference; lastKnownFileType = text.plist.xml; path = Info.plist; sourceTree = "<group>"; };
		9CDE987A25E71F4C00A03E6F /* locations.json */ = {isa = PBXFileReference; fileEncoding = 4; lastKnownFileType = text.json; path = locations.json; sourceTree = "<group>"; };
		9CDE987B25E71F4C00A03E6F /* tips.json */ = {isa = PBXFileReference; fileEncoding = 4; lastKnownFileType = text.json; path = tips.json; sourceTree = "<group>"; };
		9CDE987F25EAD4AF00A03E6F /* Location.swift */ = {isa = PBXFileReference; lastKnownFileType = sourcecode.swift; path = Location.swift; sourceTree = "<group>"; };
		9CDE988225EADBFF00A03E6F /* Locations.swift */ = {isa = PBXFileReference; lastKnownFileType = sourcecode.swift; path = Locations.swift; sourceTree = "<group>"; };
		9CDE988525EC5C1500A03E6F /* WorldView.swift */ = {isa = PBXFileReference; lastKnownFileType = sourcecode.swift; path = WorldView.swift; sourceTree = "<group>"; };
		9CDE988825F10A6D00A03E6F /* Tip.swift */ = {isa = PBXFileReference; lastKnownFileType = sourcecode.swift; path = Tip.swift; sourceTree = "<group>"; };
		9CDE988B25F10B6300A03E6F /* TipsView.swift */ = {isa = PBXFileReference; lastKnownFileType = sourcecode.swift; path = TipsView.swift; sourceTree = "<group>"; };
/* End PBXFileReference section */

/* Begin PBXFrameworksBuildPhase section */
		9CDE986425E6D3CA00A03E6F /* Frameworks */ = {
			isa = PBXFrameworksBuildPhase;
			buildActionMask = 2147483647;
			files = (
			);
			runOnlyForDeploymentPostprocessing = 0;
		};
/* End PBXFrameworksBuildPhase section */

/* Begin PBXGroup section */
		9CDE985E25E6D3CA00A03E6F = {
			isa = PBXGroup;
			children = (
				9CDE986925E6D3CA00A03E6F /* Trekr */,
				9CDE986825E6D3CA00A03E6F /* Products */,
			);
			sourceTree = "<group>";
		};
		9CDE986825E6D3CA00A03E6F /* Products */ = {
			isa = PBXGroup;
			children = (
				9CDE986725E6D3CA00A03E6F /* Trekr.app */,
			);
			name = Products;
			sourceTree = "<group>";
		};
		9CDE986925E6D3CA00A03E6F /* Trekr */ = {
			isa = PBXGroup;
			children = (
				9CDE986A25E6D3CA00A03E6F /* TrekrApp.swift */,
				9CDE988525EC5C1500A03E6F /* WorldView.swift */,
				9CDE988825F10A6D00A03E6F /* Tip.swift */,
				9CDE988B25F10B6300A03E6F /* TipsView.swift */,
				9CDE987F25EAD4AF00A03E6F /* Location.swift */,
				9CDE987A25E71F4C00A03E6F /* locations.json */,
				9CDE987B25E71F4C00A03E6F /* tips.json */,
				9CDE986C25E6D3CA00A03E6F /* ContentView.swift */,
				9CDE988225EADBFF00A03E6F /* Locations.swift */,
				9CDE986E25E6D3CB00A03E6F /* Assets.xcassets */,
				9CDE987325E6D3CB00A03E6F /* Info.plist */,
				9CDE987025E6D3CB00A03E6F /* Preview Content */,
			);
			path = Trekr;
			sourceTree = "<group>";
		};
		9CDE987025E6D3CB00A03E6F /* Preview Content */ = {
			isa = PBXGroup;
			children = (
				9CDE987125E6D3CB00A03E6F /* Preview Assets.xcassets */,
			);
			path = "Preview Content";
			sourceTree = "<group>";
		};
/* End PBXGroup section */

/* Begin PBXNativeTarget section */
		9CDE986625E6D3CA00A03E6F /* Trekr */ = {
			isa = PBXNativeTarget;
			buildConfigurationList = 9CDE987625E6D3CB00A03E6F /* Build configuration list for PBXNativeTarget "Trekr" */;
			buildPhases = (
				9CDE986325E6D3CA00A03E6F /* Sources */,
				9CDE986425E6D3CA00A03E6F /* Frameworks */,
				9CDE986525E6D3CA00A03E6F /* Resources */,
			);
			buildRules = (
			);
			dependencies = (
			);
			name = Trekr;
			productName = Trekr;
			productReference = 9CDE986725E6D3CA00A03E6F /* Trekr.app */;
			productType = "com.apple.product-type.application";
		};
/* End PBXNativeTarget section */

/* Begin PBXProject section */
		9CDE985F25E6D3CA00A03E6F /* Project object */ = {
			isa = PBXProject;
			attributes = {
				LastSwiftUpdateCheck = 1240;
				LastUpgradeCheck = 1240;
				TargetAttributes = {
					9CDE986625E6D3CA00A03E6F = {
						CreatedOnToolsVersion = 12.4;
					};
				};
			};
			buildConfigurationList = 9CDE986225E6D3CA00A03E6F /* Build configuration list for PBXProject "Trekr" */;
			compatibilityVersion = "Xcode 9.3";
			developmentRegion = en;
			hasScannedForEncodings = 0;
			knownRegions = (
				en,
				Base,
			);
			mainGroup = 9CDE985E25E6D3CA00A03E6F;
			productRefGroup = 9CDE986825E6D3CA00A03E6F /* Products */;
			projectDirPath = "";
			projectRoot = "";
			targets = (
				9CDE986625E6D3CA00A03E6F /* Trekr */,
			);
		};
/* End PBXProject section */

/* Begin PBXResourcesBuildPhase section */
		9CDE986525E6D3CA00A03E6F /* Resources */ = {
			isa = PBXResourcesBuildPhase;
			buildActionMask = 2147483647;
			files = (
				9CDE987225E6D3CB00A03E6F /* Preview Assets.xcassets in Resources */,
				9CDE987D25E71F4C00A03E6F /* tips.json in Resources */,
				9CDE987C25E71F4C00A03E6F /* locations.json in Resources */,
				9CDE986F25E6D3CB00A03E6F /* Assets.xcassets in Resources */,
			);
			runOnlyForDeploymentPostprocessing = 0;
		};
/* End PBXResourcesBuildPhase section */

/* Begin PBXSourcesBuildPhase section */
		9CDE986325E6D3CA00A03E6F /* Sources */ = {
			isa = PBXSourcesBuildPhase;
			buildActionMask = 2147483647;
			files = (
				9CDE986D25E6D3CA00A03E6F /* ContentView.swift in Sources */,
				9CDE988025EAD4AF00A03E6F /* Location.swift in Sources */,
				9CDE988625EC5C1500A03E6F /* WorldView.swift in Sources */,
				9CDE988925F10A6D00A03E6F /* Tip.swift in Sources */,
				9CDE988C25F10B6300A03E6F /* TipsView.swift in Sources */,
				9CDE988325EADBFF00A03E6F /* Locations.swift in Sources */,
				9CDE986B25E6D3CA00A03E6F /* TrekrApp.swift in Sources */,
			);
			runOnlyForDeploymentPostprocessing = 0;
		};
/* End PBXSourcesBuildPhase section */

/* Begin XCBuildConfiguration section */
		9CDE987425E6D3CB00A03E6F /* Debug */ = {
			isa = XCBuildConfiguration;
			buildSettings = {
				ALWAYS_SEARCH_USER_PATHS = NO;
				CLANG_ANALYZER_NONNULL = YES;
				CLANG_ANALYZER_NUMBER_OBJECT_CONVERSION = YES_AGGRESSIVE;
				CLANG_CXX_LANGUAGE_STANDARD = "gnu++14";
				CLANG_CXX_LIBRARY = "libc++";
				CLANG_ENABLE_MODULES = YES;
				CLANG_ENABLE_OBJC_ARC = YES;
				CLANG_ENABLE_OBJC_WEAK = YES;
				CLANG_WARN_BLOCK_CAPTURE_AUTORELEASING = YES;
				CLANG_WARN_BOOL_CONVERSION = YES;
				CLANG_WARN_COMMA = YES;
				CLANG_WARN_CONSTANT_CONVERSION = YES;
				CLANG_WARN_DEPRECATED_OBJC_IMPLEMENTATIONS = YES;
				CLANG_WARN_DIRECT_OBJC_ISA_USAGE = YES_ERROR;
				CLANG_WARN_DOCUMENTATION_COMMENTS = YES;
				CLANG_WARN_EMPTY_BODY = YES;
				CLANG_WARN_ENUM_CONVERSION = YES;
				CLANG_WARN_INFINITE_RECURSION = YES;
				CLANG_WARN_INT_CONVERSION = YES;
				CLANG_WARN_NON_LITERAL_NULL_CONVERSION = YES;
				CLANG_WARN_OBJC_IMPLICIT_RETAIN_SELF = YES;
				CLANG_WARN_OBJC_LITERAL_CONVERSION = YES;
				CLANG_WARN_OBJC_ROOT_CLASS = YES_ERROR;
				CLANG_WARN_QUOTED_INCLUDE_IN_FRAMEWORK_HEADER = YES;
				CLANG_WARN_RANGE_LOOP_ANALYSIS = YES;
				CLANG_WARN_STRICT_PROTOTYPES = YES;
				CLANG_WARN_SUSPICIOUS_MOVE = YES;
				CLANG_WARN_UNGUARDED_AVAILABILITY = YES_AGGRESSIVE;
				CLANG_WARN_UNREACHABLE_CODE = YES;
				CLANG_WARN__DUPLICATE_METHOD_MATCH = YES;
				COPY_PHASE_STRIP = NO;
				DEBUG_INFORMATION_FORMAT = dwarf;
				ENABLE_STRICT_OBJC_MSGSEND = YES;
				ENABLE_TESTABILITY = YES;
				GCC_C_LANGUAGE_STANDARD = gnu11;
				GCC_DYNAMIC_NO_PIC = NO;
				GCC_NO_COMMON_BLOCKS = YES;
				GCC_OPTIMIZATION_LEVEL = 0;
				GCC_PREPROCESSOR_DEFINITIONS = (
					"DEBUG=1",
					"$(inherited)",
				);
				GCC_WARN_64_TO_32_BIT_CONVERSION = YES;
				GCC_WARN_ABOUT_RETURN_TYPE = YES_ERROR;
				GCC_WARN_UNDECLARED_SELECTOR = YES;
				GCC_WARN_UNINITIALIZED_AUTOS = YES_AGGRESSIVE;
				GCC_WARN_UNUSED_FUNCTION = YES;
				GCC_WARN_UNUSED_VARIABLE = YES;
				IPHONEOS_DEPLOYMENT_TARGET = 14.4;
				MTL_ENABLE_DEBUG_INFO = INCLUDE_SOURCE;
				MTL_FAST_MATH = YES;
				ONLY_ACTIVE_ARCH = YES;
				SDKROOT = iphoneos;
				SWIFT_ACTIVE_COMPILATION_CONDITIONS = DEBUG;
				SWIFT_OPTIMIZATION_LEVEL = "-Onone";
			};
			name = Debug;
		};
		9CDE987525E6D3CB00A03E6F /* Release */ = {
			isa = XCBuildConfiguration;
			buildSettings = {
				ALWAYS_SEARCH_USER_PATHS = NO;
				CLANG_ANALYZER_NONNULL = YES;
				CLANG_ANALYZER_NUMBER_OBJECT_CONVERSION = YES_AGGRESSIVE;
				CLANG_CXX_LANGUAGE_STANDARD = "gnu++14";
				CLANG_CXX_LIBRARY = "libc++";
				CLANG_ENABLE_MODULES = YES;
				CLANG_ENABLE_OBJC_ARC = YES;
				CLANG_ENABLE_OBJC_WEAK = YES;
				CLANG_WARN_BLOCK_CAPTURE_AUTORELEASING = YES;
				CLANG_WARN_BOOL_CONVERSION = YES;
				CLANG_WARN_COMMA = YES;
				CLANG_WARN_CONSTANT_CONVERSION = YES;
				CLANG_WARN_DEPRECATED_OBJC_IMPLEMENTATIONS = YES;
				CLANG_WARN_DIRECT_OBJC_ISA_USAGE = YES_ERROR;
				CLANG_WARN_DOCUMENTATION_COMMENTS = YES;
				CLANG_WARN_EMPTY_BODY = YES;
				CLANG_WARN_ENUM_CONVERSION = YES;
				CLANG_WARN_INFINITE_RECURSION = YES;
				CLANG_WARN_INT_CONVERSION = YES;
				CLANG_WARN_NON_LITERAL_NULL_CONVERSION = YES;
				CLANG_WARN_OBJC_IMPLICIT_RETAIN_SELF = YES;
				CLANG_WARN_OBJC_LITERAL_CONVERSION = YES;
				CLANG_WARN_OBJC_ROOT_CLASS = YES_ERROR;
				CLANG_WARN_QUOTED_INCLUDE_IN_FRAMEWORK_HEADER = YES;
				CLANG_WARN_RANGE_LOOP_ANALYSIS = YES;
				CLANG_WARN_STRICT_PROTOTYPES = YES;
				CLANG_WARN_SUSPICIOUS_MOVE = YES;
				CLANG_WARN_UNGUARDED_AVAILABILITY = YES_AGGRESSIVE;
				CLANG_WARN_UNREACHABLE_CODE = YES;
				CLANG_WARN__DUPLICATE_METHOD_MATCH = YES;
				COPY_PHASE_STRIP = NO;
				DEBUG_INFORMATION_FORMAT = "dwarf-with-dsym";
				ENABLE_NS_ASSERTIONS = NO;
				ENABLE_STRICT_OBJC_MSGSEND = YES;
				GCC_C_LANGUAGE_STANDARD = gnu11;
				GCC_NO_COMMON_BLOCKS = YES;
				GCC_WARN_64_TO_32_BIT_CONVERSION = YES;
				GCC_WARN_ABOUT_RETURN_TYPE = YES_ERROR;
				GCC_WARN_UNDECLARED_SELECTOR = YES;
				GCC_WARN_UNINITIALIZED_AUTOS = YES_AGGRESSIVE;
				GCC_WARN_UNUSED_FUNCTION = YES;
				GCC_WARN_UNUSED_VARIABLE = YES;
				IPHONEOS_DEPLOYMENT_TARGET = 14.4;
				MTL_ENABLE_DEBUG_INFO = NO;
				MTL_FAST_MATH = YES;
				SDKROOT = iphoneos;
				SWIFT_COMPILATION_MODE = wholemodule;
				SWIFT_OPTIMIZATION_LEVEL = "-O";
				VALIDATE_PRODUCT = YES;
			};
			name = Release;
		};
		9CDE987725E6D3CB00A03E6F /* Debug */ = {
			isa = XCBuildConfiguration;
			buildSettings = {
				ASSETCATALOG_COMPILER_APPICON_NAME = AppIcon;
				ASSETCATALOG_COMPILER_GLOBAL_ACCENT_COLOR_NAME = AccentColor;
				CODE_SIGN_STYLE = Automatic;
				DEVELOPMENT_ASSET_PATHS = "\"Trekr/Preview Content\"";
				DEVELOPMENT_TEAM = 5MU9G6M72Y;
				ENABLE_PREVIEWS = YES;
				INFOPLIST_FILE = Trekr/Info.plist;
				IPHONEOS_DEPLOYMENT_TARGET = 14.0;
				LD_RUNPATH_SEARCH_PATHS = (
					"$(inherited)",
					"@executable_path/Frameworks",
				);
				PRODUCT_BUNDLE_IDENTIFIER = com.liberstina.Trekr;
				PRODUCT_NAME = "$(TARGET_NAME)";
				SWIFT_VERSION = 5.0;
				TARGETED_DEVICE_FAMILY = "1,2";
			};
			name = Debug;
		};
		9CDE987825E6D3CB00A03E6F /* Release */ = {
			isa = XCBuildConfiguration;
			buildSettings = {
				ASSETCATALOG_COMPILER_APPICON_NAME = AppIcon;
				ASSETCATALOG_COMPILER_GLOBAL_ACCENT_COLOR_NAME = AccentColor;
				CODE_SIGN_STYLE = Automatic;
				DEVELOPMENT_ASSET_PATHS = "\"Trekr/Preview Content\"";
				DEVELOPMENT_TEAM = 5MU9G6M72Y;
				ENABLE_PREVIEWS = YES;
				INFOPLIST_FILE = Trekr/Info.plist;
				IPHONEOS_DEPLOYMENT_TARGET = 14.0;
				LD_RUNPATH_SEARCH_PATHS = (
					"$(inherited)",
					"@executable_path/Frameworks",
				);
				PRODUCT_BUNDLE_IDENTIFIER = com.liberstina.Trekr;
				PRODUCT_NAME = "$(TARGET_NAME)";
				SWIFT_VERSION = 5.0;
				TARGETED_DEVICE_FAMILY = "1,2";
			};
			name = Release;
		};
/* End XCBuildConfiguration section */

/* Begin XCConfigurationList section */
		9CDE986225E6D3CA00A03E6F /* Build configuration list for PBXProject "Trekr" */ = {
			isa = XCConfigurationList;
			buildConfigurations = (
				9CDE987425E6D3CB00A03E6F /* Debug */,
				9CDE987525E6D3CB00A03E6F /* Release */,
			);
			defaultConfigurationIsVisible = 0;
			defaultConfigurationName = Release;
		};
		9CDE987625E6D3CB00A03E6F /* Build configuration list for PBXNativeTarget "Trekr" */ = {
			isa = XCConfigurationList;
			buildConfigurations = (
				9CDE987725E6D3CB00A03E6F /* Debug */,
				9CDE987825E6D3CB00A03E6F /* Release */,
			);
			defaultConfigurationIsVisible = 0;
			defaultConfigurationName = Release;
		};
/* End XCConfigurationList section */
	};
	rootObject = 9CDE985F25E6D3CA00A03E6F /* Project object */;
}
